
Microsoft Visual Studio Solution File, Format Version 12.00
# Visual Studio Version 17
VisualStudioVersion = 17.5.33516.290
MinimumVisualStudioVersion = 10.0.40219.1
Project("{2150E333-8FDC-42A3-9474-1A3956D46DE8}") = "Providers", "Providers", "{46510DEA-D555-4FE6-B176-59FF78804997}"
EndProject
Project("{2150E333-8FDC-42A3-9474-1A3956D46DE8}") = "Tests", "Tests", "{A9AE2F78-477D-497C-929D-587A90CEDA23}"
EndProject
Project("{FAE04EC0-301F-11D3-BF4B-00C04F79EFBC}") = "Riktam.GroupChat.Apis", "Riktam.GroupChat.Apis\Riktam.GroupChat.Apis.csproj", "{29586F5C-2CE6-4CAE-AD31-A17761F85A02}"
EndProject
Project("{FAE04EC0-301F-11D3-BF4B-00C04F79EFBC}") = "Riktam.GroupChat.Domain", "Riktam.GroupChat.Domain\Riktam.GroupChat.Domain.csproj", "{950EA2A4-62E3-4849-949F-4AC6D4C2C8D2}"
EndProject
Project("{FAE04EC0-301F-11D3-BF4B-00C04F79EFBC}") = "Riktam.GroupChat.SqlDbProvider", "Riktam.GroupChat.SqlDbProvider\Riktam.GroupChat.SqlDbProvider.csproj", "{1D389052-C5DB-44B4-88C5-D504ADB639FF}"
EndProject
Global
	GlobalSection(SolutionConfigurationPlatforms) = preSolution
		Debug|Any CPU = Debug|Any CPU
		Release|Any CPU = Release|Any CPU
	EndGlobalSection
	GlobalSection(ProjectConfigurationPlatforms) = postSolution
		{29586F5C-2CE6-4CAE-AD31-A17761F85A02}.Debug|Any CPU.ActiveCfg = Debug|Any CPU
		{29586F5C-2CE6-4CAE-AD31-A17761F85A02}.Debug|Any CPU.Build.0 = Debug|Any CPU
		{29586F5C-2CE6-4CAE-AD31-A17761F85A02}.Release|Any CPU.ActiveCfg = Release|Any CPU
		{29586F5C-2CE6-4CAE-AD31-A17761F85A02}.Release|Any CPU.Build.0 = Release|Any CPU
		{950EA2A4-62E3-4849-949F-4AC6D4C2C8D2}.Debug|Any CPU.ActiveCfg = Debug|Any CPU
		{950EA2A4-62E3-4849-949F-4AC6D4C2C8D2}.Debug|Any CPU.Build.0 = Debug|Any CPU
		{950EA2A4-62E3-4849-949F-4AC6D4C2C8D2}.Release|Any CPU.ActiveCfg = Release|Any CPU
		{950EA2A4-62E3-4849-949F-4AC6D4C2C8D2}.Release|Any CPU.Build.0 = Release|Any CPU
		{1D389052-C5DB-44B4-88C5-D504ADB639FF}.Debug|Any CPU.ActiveCfg = Debug|Any CPU
		{1D389052-C5DB-44B4-88C5-D504ADB639FF}.Debug|Any CPU.Build.0 = Debug|Any CPU
		{1D389052-C5DB-44B4-88C5-D504ADB639FF}.Release|Any CPU.ActiveCfg = Release|Any CPU
		{1D389052-C5DB-44B4-88C5-D504ADB639FF}.Release|Any CPU.Build.0 = Release|Any CPU
	EndGlobalSection
	GlobalSection(SolutionProperties) = preSolution
		HideSolutionNode = FALSE
	EndGlobalSection
	GlobalSection(NestedProjects) = preSolution
		{1D389052-C5DB-44B4-88C5-D504ADB639FF} = {46510DEA-D555-4FE6-B176-59FF78804997}
	EndGlobalSection
	GlobalSection(ExtensibilityGlobals) = postSolution
		SolutionGuid = {002D4E9B-E387-4EF2-818E-139170B9E9F8}
	EndGlobalSection
EndGlobal
